
Microsoft Visual Studio Solution File, Format Version 12.00
# Visual Studio Version 17
VisualStudioVersion = 17.14.36414.22 d17.14
MinimumVisualStudioVersion = 10.0.40219.1
Project("{FAE04EC0-301F-11D3-BF4B-00C04F79EFBC}") = "Monogame lesson 1 - Assignment", "Monogame lesson 1 - Assignment.csproj", "{CE957971-5E19-40F6-BE1C-273D915BE5CE}"
EndProject
Global
	GlobalSection(SolutionConfigurationPlatforms) = preSolution
		Debug|Any CPU = Debug|Any CPU
		Release|Any CPU = Release|Any CPU
	EndGlobalSection
	GlobalSection(ProjectConfigurationPlatforms) = postSolution
		{CE957971-5E19-40F6-BE1C-273D915BE5CE}.Debug|Any CPU.ActiveCfg = Debug|Any CPU
		{CE957971-5E19-40F6-BE1C-273D915BE5CE}.Debug|Any CPU.Build.0 = Debug|Any CPU
		{CE957971-5E19-40F6-BE1C-273D915BE5CE}.Release|Any CPU.ActiveCfg = Release|Any CPU
		{CE957971-5E19-40F6-BE1C-273D915BE5CE}.Release|Any CPU.Build.0 = Release|Any CPU
	EndGlobalSection
	GlobalSection(SolutionProperties) = preSolution
		HideSolutionNode = FALSE
	EndGlobalSection
	GlobalSection(ExtensibilityGlobals) = postSolution
		SolutionGuid = {4FCD5A45-1C1C-4883-8FD7-189AE6ECC7DC}
	EndGlobalSection
EndGlobal
